
Microsoft Visual Studio Solution File, Format Version 12.00
# Visual Studio Version 16
VisualStudioVersion = 16.0.32002.261
MinimumVisualStudioVersion = 10.0.40219.1
Project("{FAE04EC0-301F-11D3-BF4B-00C04F79EFBC}") = "HealthChecker.UnitTest", "HealthChecker.UnitTest\HealthChecker.UnitTest.csproj", "{38356995-AD9F-4AFC-AD3B-8AC9A7710CB8}"
EndProject
Project("{FAE04EC0-301F-11D3-BF4B-00C04F79EFBC}") = "HealthChecker.Core", "HealthChecker.Core\HealthChecker.Core.csproj", "{FE849EF6-3FCE-402F-AA6E-0FDA4A4550D0}"
EndProject
Global
	GlobalSection(SolutionConfigurationPlatforms) = preSolution
		Debug|Any CPU = Debug|Any CPU
		Release|Any CPU = Release|Any CPU
	EndGlobalSection
	GlobalSection(ProjectConfigurationPlatforms) = postSolution
		{38356995-AD9F-4AFC-AD3B-8AC9A7710CB8}.Debug|Any CPU.ActiveCfg = Debug|Any CPU
		{38356995-AD9F-4AFC-AD3B-8AC9A7710CB8}.Debug|Any CPU.Build.0 = Debug|Any CPU
		{38356995-AD9F-4AFC-AD3B-8AC9A7710CB8}.Release|Any CPU.ActiveCfg = Release|Any CPU
		{38356995-AD9F-4AFC-AD3B-8AC9A7710CB8}.Release|Any CPU.Build.0 = Release|Any CPU
		{FE849EF6-3FCE-402F-AA6E-0FDA4A4550D0}.Debug|Any CPU.ActiveCfg = Debug|Any CPU
		{FE849EF6-3FCE-402F-AA6E-0FDA4A4550D0}.Debug|Any CPU.Build.0 = Debug|Any CPU
		{FE849EF6-3FCE-402F-AA6E-0FDA4A4550D0}.Release|Any CPU.ActiveCfg = Release|Any CPU
		{FE849EF6-3FCE-402F-AA6E-0FDA4A4550D0}.Release|Any CPU.Build.0 = Release|Any CPU
	EndGlobalSection
	GlobalSection(SolutionProperties) = preSolution
		HideSolutionNode = FALSE
	EndGlobalSection
	GlobalSection(ExtensibilityGlobals) = postSolution
		SolutionGuid = {09FDBD29-2F14-4A69-8128-AD06FC2B6A6B}
	EndGlobalSection
EndGlobal
